
Microsoft Visual Studio Solution File, Format Version 12.00
# Visual Studio Version 16
VisualStudioVersion = 16.0.30320.27
MinimumVisualStudioVersion = 10.0.40219.1
Project("{9A19103F-16F7-4668-BE54-9A1E7A4F7556}") = "MapTheVoteAddressBuilder", "MapTheVoteAddressBuilder\MapTheVoteAddressBuilder.csproj", "{6A3B9329-0333-45CC-A778-C836D08C3789}"
EndProject
Project("{54435603-DBB4-11D2-8724-00A0C9A8B90C}") = "MapTheVoteInstaller", "MapTheVoteInstaller\MapTheVoteInstaller.vdproj", "{13EC7FB2-FB4A-4455-958E-A92A6C5F6C78}"
EndProject
Global
	GlobalSection(SolutionConfigurationPlatforms) = preSolution
		Debug|Any CPU = Debug|Any CPU
		Release|Any CPU = Release|Any CPU
	EndGlobalSection
	GlobalSection(ProjectConfigurationPlatforms) = postSolution
		{6A3B9329-0333-45CC-A778-C836D08C3789}.Debug|Any CPU.ActiveCfg = Debug|Any CPU
		{6A3B9329-0333-45CC-A778-C836D08C3789}.Debug|Any CPU.Build.0 = Debug|Any CPU
		{6A3B9329-0333-45CC-A778-C836D08C3789}.Release|Any CPU.ActiveCfg = Release|Any CPU
		{6A3B9329-0333-45CC-A778-C836D08C3789}.Release|Any CPU.Build.0 = Release|Any CPU
		{13EC7FB2-FB4A-4455-958E-A92A6C5F6C78}.Debug|Any CPU.ActiveCfg = Debug
		{13EC7FB2-FB4A-4455-958E-A92A6C5F6C78}.Release|Any CPU.ActiveCfg = Release
	EndGlobalSection
	GlobalSection(SolutionProperties) = preSolution
		HideSolutionNode = FALSE
	EndGlobalSection
	GlobalSection(ExtensibilityGlobals) = postSolution
		SolutionGuid = {4BF28BEF-AD1F-4C53-8DE0-E2116EFA5B6C}
	EndGlobalSection
EndGlobal
